
Microsoft Visual Studio Solution File, Format Version 12.00
# Visual Studio Version 17
VisualStudioVersion = 17.7.34009.444
MinimumVisualStudioVersion = 10.0.40219.1
Project("{9A19103F-16F7-4668-BE54-9A1E7A4F7556}") = "VRCFT-Tobii-Advanced", "VRCFT-Tobii-Advanced.csproj", "{9DDC580F-0EAC-4695-A01A-8EA81D7952B9}"
EndProject
Global
	GlobalSection(SolutionConfigurationPlatforms) = preSolution
		Debug|Any CPU = Debug|Any CPU
		Release|Any CPU = Release|Any CPU
	EndGlobalSection
	GlobalSection(ProjectConfigurationPlatforms) = postSolution
		{9DDC580F-0EAC-4695-A01A-8EA81D7952B9}.Debug|Any CPU.ActiveCfg = Debug|x64
		{9DDC580F-0EAC-4695-A01A-8EA81D7952B9}.Debug|Any CPU.Build.0 = Debug|x64
		{9DDC580F-0EAC-4695-A01A-8EA81D7952B9}.Release|Any CPU.ActiveCfg = Release|x64
		{9DDC580F-0EAC-4695-A01A-8EA81D7952B9}.Release|Any CPU.Build.0 = Release|x64
	EndGlobalSection
	GlobalSection(SolutionProperties) = preSolution
		HideSolutionNode = FALSE
	EndGlobalSection
	GlobalSection(ExtensibilityGlobals) = postSolution
		SolutionGuid = {913348DB-09F9-4D6F-8088-1ABD55B58462}
	EndGlobalSection
EndGlobal
